
Microsoft Visual Studio Solution File, Format Version 12.00
# Visual Studio 15
VisualStudioVersion = 15.0.26730.16
MinimumVisualStudioVersion = 10.0.40219.1
Project("{FAE04EC0-301F-11D3-BF4B-00C04F79EFBC}") = "EbayScraperWForms", "EbayScraperWForms\EbayScraperWForms.csproj", "{FFFE6477-90AE-49B2-92A6-871DBE9919ED}"
EndProject
Global
	GlobalSection(SolutionConfigurationPlatforms) = preSolution
		Debug|Any CPU = Debug|Any CPU
		Release|Any CPU = Release|Any CPU
	EndGlobalSection
	GlobalSection(ProjectConfigurationPlatforms) = postSolution
		{FFFE6477-90AE-49B2-92A6-871DBE9919ED}.Debug|Any CPU.ActiveCfg = Debug|Any CPU
		{FFFE6477-90AE-49B2-92A6-871DBE9919ED}.Debug|Any CPU.Build.0 = Debug|Any CPU
		{FFFE6477-90AE-49B2-92A6-871DBE9919ED}.Release|Any CPU.ActiveCfg = Release|Any CPU
		{FFFE6477-90AE-49B2-92A6-871DBE9919ED}.Release|Any CPU.Build.0 = Release|Any CPU
	EndGlobalSection
	GlobalSection(SolutionProperties) = preSolution
		HideSolutionNode = FALSE
	EndGlobalSection
	GlobalSection(ExtensibilityGlobals) = postSolution
		SolutionGuid = {D9F2A686-9B0F-4E6E-9818-3520A1B50FDA}
	EndGlobalSection
EndGlobal
